
Microsoft Visual Studio Solution File, Format Version 12.00
# Visual Studio 15
VisualStudioVersion = 15.0.28307.572
MinimumVisualStudioVersion = 10.0.40219.1
Project("{8BC9CEB8-8B4A-11D0-8D11-00A0C91BC942}") = "day6", "day6\day6.vcxproj", "{7D9AE77E-105F-480A-B815-82E6776060D1}"
EndProject
Project("{8BC9CEB8-8B4A-11D0-8D11-00A0C91BC942}") = "sales", "sales\sales.vcxproj", "{48D5B7CD-EE07-4669-93F4-FBBE8EB00457}"
EndProject
Global
	GlobalSection(SolutionConfigurationPlatforms) = preSolution
		Debug|x64 = Debug|x64
		Debug|x86 = Debug|x86
		Release|x64 = Release|x64
		Release|x86 = Release|x86
	EndGlobalSection
	GlobalSection(ProjectConfigurationPlatforms) = postSolution
		{7D9AE77E-105F-480A-B815-82E6776060D1}.Debug|x64.ActiveCfg = Debug|x64
		{7D9AE77E-105F-480A-B815-82E6776060D1}.Debug|x64.Build.0 = Debug|x64
		{7D9AE77E-105F-480A-B815-82E6776060D1}.Debug|x86.ActiveCfg = Debug|Win32
		{7D9AE77E-105F-480A-B815-82E6776060D1}.Debug|x86.Build.0 = Debug|Win32
		{7D9AE77E-105F-480A-B815-82E6776060D1}.Release|x64.ActiveCfg = Release|x64
		{7D9AE77E-105F-480A-B815-82E6776060D1}.Release|x64.Build.0 = Release|x64
		{7D9AE77E-105F-480A-B815-82E6776060D1}.Release|x86.ActiveCfg = Release|Win32
		{7D9AE77E-105F-480A-B815-82E6776060D1}.Release|x86.Build.0 = Release|Win32
		{48D5B7CD-EE07-4669-93F4-FBBE8EB00457}.Debug|x64.ActiveCfg = Debug|x64
		{48D5B7CD-EE07-4669-93F4-FBBE8EB00457}.Debug|x64.Build.0 = Debug|x64
		{48D5B7CD-EE07-4669-93F4-FBBE8EB00457}.Debug|x86.ActiveCfg = Debug|Win32
		{48D5B7CD-EE07-4669-93F4-FBBE8EB00457}.Debug|x86.Build.0 = Debug|Win32
		{48D5B7CD-EE07-4669-93F4-FBBE8EB00457}.Release|x64.ActiveCfg = Release|x64
		{48D5B7CD-EE07-4669-93F4-FBBE8EB00457}.Release|x64.Build.0 = Release|x64
		{48D5B7CD-EE07-4669-93F4-FBBE8EB00457}.Release|x86.ActiveCfg = Release|Win32
		{48D5B7CD-EE07-4669-93F4-FBBE8EB00457}.Release|x86.Build.0 = Release|Win32
	EndGlobalSection
	GlobalSection(SolutionProperties) = preSolution
		HideSolutionNode = FALSE
	EndGlobalSection
	GlobalSection(ExtensibilityGlobals) = postSolution
		SolutionGuid = {94CD9FFA-50D4-402C-8140-1DA287173AC2}
	EndGlobalSection
EndGlobal
