
Microsoft Visual Studio Solution File, Format Version 12.00
# Visual Studio Version 16
VisualStudioVersion = 16.0.28803.202
MinimumVisualStudioVersion = 10.0.40219.1
Project("{FAE04EC0-301F-11D3-BF4B-00C04F79EFBC}") = "190515", "190515\190515.csproj", "{FB935019-19A5-4495-9EE5-5D6E16821F6B}"
EndProject
Global
	GlobalSection(SolutionConfigurationPlatforms) = preSolution
		Debug|Any CPU = Debug|Any CPU
		Release|Any CPU = Release|Any CPU
	EndGlobalSection
	GlobalSection(ProjectConfigurationPlatforms) = postSolution
		{FB935019-19A5-4495-9EE5-5D6E16821F6B}.Debug|Any CPU.ActiveCfg = Debug|Any CPU
		{FB935019-19A5-4495-9EE5-5D6E16821F6B}.Debug|Any CPU.Build.0 = Debug|Any CPU
		{FB935019-19A5-4495-9EE5-5D6E16821F6B}.Release|Any CPU.ActiveCfg = Release|Any CPU
		{FB935019-19A5-4495-9EE5-5D6E16821F6B}.Release|Any CPU.Build.0 = Release|Any CPU
	EndGlobalSection
	GlobalSection(SolutionProperties) = preSolution
		HideSolutionNode = FALSE
	EndGlobalSection
	GlobalSection(ExtensibilityGlobals) = postSolution
		SolutionGuid = {F5E44923-01F0-4631-A1BA-FAED25730678}
	EndGlobalSection
EndGlobal
