
Microsoft Visual Studio Solution File, Format Version 12.00
# Visual Studio Version 16
VisualStudioVersion = 16.0.28803.202
MinimumVisualStudioVersion = 10.0.40219.1
Project("{FAE04EC0-301F-11D3-BF4B-00C04F79EFBC}") = "190511", "190511\190511.csproj", "{B6D1333B-7352-48FC-AE0D-00E5AEDD9408}"
EndProject
Global
	GlobalSection(SolutionConfigurationPlatforms) = preSolution
		Debug|Any CPU = Debug|Any CPU
		Release|Any CPU = Release|Any CPU
	EndGlobalSection
	GlobalSection(ProjectConfigurationPlatforms) = postSolution
		{B6D1333B-7352-48FC-AE0D-00E5AEDD9408}.Debug|Any CPU.ActiveCfg = Debug|Any CPU
		{B6D1333B-7352-48FC-AE0D-00E5AEDD9408}.Debug|Any CPU.Build.0 = Debug|Any CPU
		{B6D1333B-7352-48FC-AE0D-00E5AEDD9408}.Release|Any CPU.ActiveCfg = Release|Any CPU
		{B6D1333B-7352-48FC-AE0D-00E5AEDD9408}.Release|Any CPU.Build.0 = Release|Any CPU
	EndGlobalSection
	GlobalSection(SolutionProperties) = preSolution
		HideSolutionNode = FALSE
	EndGlobalSection
	GlobalSection(ExtensibilityGlobals) = postSolution
		SolutionGuid = {CE636127-020F-4912-9C45-8BC6C103449A}
	EndGlobalSection
EndGlobal
