
Microsoft Visual Studio Solution File, Format Version 12.00
# Visual Studio Version 16
VisualStudioVersion = 16.0.28803.452
MinimumVisualStudioVersion = 10.0.40219.1
Project("{FAE04EC0-301F-11D3-BF4B-00C04F79EFBC}") = "190518", "190518\190518.csproj", "{4760417C-A020-4CC9-A970-10F4AC00BFF4}"
EndProject
Global
	GlobalSection(SolutionConfigurationPlatforms) = preSolution
		Debug|Any CPU = Debug|Any CPU
		Release|Any CPU = Release|Any CPU
	EndGlobalSection
	GlobalSection(ProjectConfigurationPlatforms) = postSolution
		{4760417C-A020-4CC9-A970-10F4AC00BFF4}.Debug|Any CPU.ActiveCfg = Debug|Any CPU
		{4760417C-A020-4CC9-A970-10F4AC00BFF4}.Debug|Any CPU.Build.0 = Debug|Any CPU
		{4760417C-A020-4CC9-A970-10F4AC00BFF4}.Release|Any CPU.ActiveCfg = Release|Any CPU
		{4760417C-A020-4CC9-A970-10F4AC00BFF4}.Release|Any CPU.Build.0 = Release|Any CPU
	EndGlobalSection
	GlobalSection(SolutionProperties) = preSolution
		HideSolutionNode = FALSE
	EndGlobalSection
	GlobalSection(ExtensibilityGlobals) = postSolution
		SolutionGuid = {B2521B66-805C-4C3D-BA15-615213AF56B8}
	EndGlobalSection
EndGlobal
