
Microsoft Visual Studio Solution File, Format Version 12.00
# Visual Studio Version 16
VisualStudioVersion = 16.0.28917.181
MinimumVisualStudioVersion = 10.0.40219.1
Project("{FAE04EC0-301F-11D3-BF4B-00C04F79EFBC}") = "WpfApp1", "WpfApp1\WpfApp1.csproj", "{A28D11E0-DE63-4566-9EAB-76ECF7FAE72C}"
EndProject
Project("{FAE04EC0-301F-11D3-BF4B-00C04F79EFBC}") = "WpfApp2", "WpfApp2\WpfApp2.csproj", "{2B1FF5DC-AB69-4A29-A397-E44C1987EE43}"
EndProject
Project("{FAE04EC0-301F-11D3-BF4B-00C04F79EFBC}") = "WpfApp3", "WpfApp3\WpfApp3.csproj", "{1122C69E-D0F2-435D-8FAA-802F3F6AC68B}"
EndProject
Global
	GlobalSection(SolutionConfigurationPlatforms) = preSolution
		Debug|Any CPU = Debug|Any CPU
		Release|Any CPU = Release|Any CPU
	EndGlobalSection
	GlobalSection(ProjectConfigurationPlatforms) = postSolution
		{A28D11E0-DE63-4566-9EAB-76ECF7FAE72C}.Debug|Any CPU.ActiveCfg = Debug|Any CPU
		{A28D11E0-DE63-4566-9EAB-76ECF7FAE72C}.Debug|Any CPU.Build.0 = Debug|Any CPU
		{A28D11E0-DE63-4566-9EAB-76ECF7FAE72C}.Release|Any CPU.ActiveCfg = Release|Any CPU
		{A28D11E0-DE63-4566-9EAB-76ECF7FAE72C}.Release|Any CPU.Build.0 = Release|Any CPU
		{2B1FF5DC-AB69-4A29-A397-E44C1987EE43}.Debug|Any CPU.ActiveCfg = Debug|Any CPU
		{2B1FF5DC-AB69-4A29-A397-E44C1987EE43}.Debug|Any CPU.Build.0 = Debug|Any CPU
		{2B1FF5DC-AB69-4A29-A397-E44C1987EE43}.Release|Any CPU.ActiveCfg = Release|Any CPU
		{2B1FF5DC-AB69-4A29-A397-E44C1987EE43}.Release|Any CPU.Build.0 = Release|Any CPU
		{1122C69E-D0F2-435D-8FAA-802F3F6AC68B}.Debug|Any CPU.ActiveCfg = Debug|Any CPU
		{1122C69E-D0F2-435D-8FAA-802F3F6AC68B}.Debug|Any CPU.Build.0 = Debug|Any CPU
		{1122C69E-D0F2-435D-8FAA-802F3F6AC68B}.Release|Any CPU.ActiveCfg = Release|Any CPU
		{1122C69E-D0F2-435D-8FAA-802F3F6AC68B}.Release|Any CPU.Build.0 = Release|Any CPU
	EndGlobalSection
	GlobalSection(SolutionProperties) = preSolution
		HideSolutionNode = FALSE
	EndGlobalSection
	GlobalSection(ExtensibilityGlobals) = postSolution
		SolutionGuid = {27C2AC9C-AA3F-4905-8112-76104F881FF1}
	EndGlobalSection
EndGlobal
